{
  "name": "WaterDetection",
  "lockfileVersion": 3,
  "requires": true,
  "packages": {
    "": {
      "dependencies": {
        "chart.js": "^4.4.2",
        "echarts": "^5.5.0",
        "vue-echarts": "^6.7.1"
      }
    },
    "node_modules/@kurkle/color": {
      "version": "0.3.2",
      "resolved": "https://registry.npmjs.org/@kurkle/color/-/color-0.3.2.tgz",
      "integrity": "sha512-fuscdXJ9G1qb7W8VdHi+IwRqij3lBkosAm4ydQtEmbY58OzHXqQhvlxqEkoz0yssNVn38bcpRWgA9PP+OGoisw=="
    },
    "node_modules/chart.js": {
      "version": "4.4.2",
      "resolved": "https://registry.npmjs.org/chart.js/-/chart.js-4.4.2.tgz",
      "integrity": "sha512-6GD7iKwFpP5kbSD4MeRRRlTnQvxfQREy36uEtm1hzHzcOqwWx0YEHuspuoNlslu+nciLIB7fjjsHkUv/FzFcOg==",
      "dependencies": {
        "@kurkle/color": "^0.3.0"
      },
      "engines": {
        "pnpm": ">=8"
      }
    },
    "node_modules/echarts": {
      "version": "5.5.0",
      "resolved": "https://registry.npmjs.org/echarts/-/echarts-5.5.0.tgz",
      "integrity": "sha512-rNYnNCzqDAPCr4m/fqyUFv7fD9qIsd50S6GDFgO1DxZhncCsNsG7IfUlAlvZe5oSEQxtsjnHiUuppzccry93Xw==",
      "dependencies": {
        "tslib": "2.3.0",
        "zrender": "5.5.0"
      }
    },
    "node_modules/resize-detector": {
      "version": "0.3.0",
      "resolved": "https://registry.npmjs.org/resize-detector/-/resize-detector-0.3.0.tgz",
      "integrity": "sha512-R/tCuvuOHQ8o2boRP6vgx8hXCCy87H1eY9V5imBYeVNyNVpuL9ciReSccLj2gDcax9+2weXy3bc8Vv+NRXeEvQ=="
    },
    "node_modules/tslib": {
      "version": "2.3.0",
      "resolved": "https://registry.npmjs.org/tslib/-/tslib-2.3.0.tgz",
      "integrity": "sha512-N82ooyxVNm6h1riLCoyS9e3fuJ3AMG2zIZs2Gd1ATcSFjSA23Q0fzjjZeh0jbJvWVDZ0cJT8yaNNaaXHzueNjg=="
    },
    "node_modules/vue": {
      "version": "2.6.14",
      "resolved": "https://registry.npmjs.org/vue/-/vue-2.6.14.tgz",
      "integrity": "sha512-x2284lgYvjOMj3Za7kqzRcUSxBboHqtgRE2zlos1qWaOye5yUmHn42LB1250NJBLRwEcdrB0JRwyPTEPhfQjiQ==",
      "deprecated": "Vue 2 has reached EOL and is no longer actively maintained. See https://v2.vuejs.org/eol/ for more details.",
      "peer": true
    },
    "node_modules/vue-demi": {
      "version": "0.13.11",
      "resolved": "https://registry.npmjs.org/vue-demi/-/vue-demi-0.13.11.tgz",
      "integrity": "sha512-IR8HoEEGM65YY3ZJYAjMlKygDQn25D5ajNFNoKh9RSDMQtlzCxtfQjdQgv9jjK+m3377SsJXY8ysq8kLCZL25A==",
      "hasInstallScript": true,
      "bin": {
        "vue-demi-fix": "bin/vue-demi-fix.js",
        "vue-demi-switch": "bin/vue-demi-switch.js"
      },
      "engines": {
        "node": ">=12"
      },
      "funding": {
        "url": "https://github.com/sponsors/antfu"
      },
      "peerDependencies": {
        "@vue/composition-api": "^1.0.0-rc.1",
        "vue": "^3.0.0-0 || ^2.6.0"
      },
      "peerDependenciesMeta": {
        "@vue/composition-api": {
          "optional": true
        }
      }
    },
    "node_modules/vue-echarts": {
      "version": "6.7.1",
      "resolved": "https://registry.npmjs.org/vue-echarts/-/vue-echarts-6.7.1.tgz",
      "integrity": "sha512-HYn54QBk1ILaQ+qA1PQGHwm3MsEFTD5NN9bmgk6wco8LcwKLnRC4HRM0ualYDGOJcCccTpnqD5DvIG0UH1+wDQ==",
      "hasInstallScript": true,
      "dependencies": {
        "resize-detector": "^0.3.0",
        "vue-demi": "^0.13.11"
      },
      "peerDependencies": {
        "@vue/composition-api": "^1.0.5",
        "@vue/runtime-core": "^3.0.0",
        "echarts": "^5.4.1",
        "vue": "^2.6.12 || ^3.1.1"
      },
      "peerDependenciesMeta": {
        "@vue/composition-api": {
          "optional": true
        },
        "@vue/runtime-core": {
          "optional": true
        }
      }
    },
    "node_modules/zrender": {
      "version": "5.5.0",
      "resolved": "https://registry.npmjs.org/zrender/-/zrender-5.5.0.tgz",
      "integrity": "sha512-O3MilSi/9mwoovx77m6ROZM7sXShR/O/JIanvzTwjN3FORfLSr81PsUGd7jlaYOeds9d8tw82oP44+3YucVo+w==",
      "dependencies": {
        "tslib": "2.3.0"
      }
    }
  }
}
